// !$*UTF8*$!
{
	archiveVersion = 1;
	classes = {
	};
	objectVersion = 77;
	objects = {

/* Begin PBXBuildFile section */
		A10000000000000000000020 /* BalanceBar.swift in Sources */ = {isa = PBXBuildFile; fileRef = A10000000000000000000010 /* BalanceBar.swift */; };
		A10000000000000000000044 /* AppPreferences.swift in Sources */ = {isa = PBXBuildFile; fileRef = A10000000000000000000045 /* AppPreferences.swift */; };
		A10000000000000000000021 /* BalanceBar.icns in Resources */ = {isa = PBXBuildFile; fileRef = A10000000000000000000012 /* BalanceBar.icns */; };
		A10000000000000000000022 /* CodexIcon.svg in Resources */ = {isa = PBXBuildFile; fileRef = A10000000000000000000013 /* CodexIcon.svg */; };
		A10000000000000000000023 /* Claude.svg in Resources */ = {isa = PBXBuildFile; fileRef = A10000000000000000000014 /* Claude.svg */; };
		A10000000000000000000024 /* ClaudeThinking.svg in Resources */ = {isa = PBXBuildFile; fileRef = A10000000000000000000015 /* ClaudeThinking.svg */; };
		A10000000000000000000025 /* AppKit.framework in Frameworks */ = {isa = PBXBuildFile; fileRef = A10000000000000000000017 /* AppKit.framework */; };
		A10000000000000000000026 /* Foundation.framework in Frameworks */ = {isa = PBXBuildFile; fileRef = A10000000000000000000018 /* Foundation.framework */; };
		A10000000000000000000027 /* SwiftUI.framework in Frameworks */ = {isa = PBXBuildFile; fileRef = A10000000000000000000019 /* SwiftUI.framework */; };
		A10000000000000000000028 /* libsqlite3.tbd in Frameworks */ = {isa = PBXBuildFile; fileRef = A1000000000000000000001A /* libsqlite3.tbd */; };
		A10000000000000000000030 /* MenuBarGeometryTests.swift in Sources */ = {isa = PBXBuildFile; fileRef = A1000000000000000000002E /* MenuBarGeometryTests.swift */; };
		A10000000000000000000040 /* Localization.swift in Sources */ = {isa = PBXBuildFile; fileRef = A10000000000000000000041 /* Localization.swift */; };
		A10000000000000000000042 /* LocalizationTests.swift in Sources */ = {isa = PBXBuildFile; fileRef = A10000000000000000000043 /* LocalizationTests.swift */; };
		A10000000000000000000046 /* AppPreferencesTests.swift in Sources */ = {isa = PBXBuildFile; fileRef = A10000000000000000000047 /* AppPreferencesTests.swift */; };
		A10000000000000000000031 /* XCTest.framework in Frameworks */ = {isa = PBXBuildFile; fileRef = A1000000000000000000002F /* XCTest.framework */; };
		A10000000000000000000048 /* AssistantClient.swift in Sources */ = {isa = PBXBuildFile; fileRef = A1000000000000000000004E /* AssistantClient.swift */; };
		A10000000000000000000049 /* BalanceQuery.swift in Sources */ = {isa = PBXBuildFile; fileRef = A1000000000000000000004F /* BalanceQuery.swift */; };
		A1000000000000000000004A /* ProviderModels.swift in Sources */ = {isa = PBXBuildFile; fileRef = A10000000000000000000050 /* ProviderModels.swift */; };
		A1000000000000000000004B /* Snapshot.swift in Sources */ = {isa = PBXBuildFile; fileRef = A10000000000000000000051 /* Snapshot.swift */; };
		A1000000000000000000004C /* StatusLink.swift in Sources */ = {isa = PBXBuildFile; fileRef = A10000000000000000000052 /* StatusLink.swift */; };
		A1000000000000000000004D /* DomainModelsTests.swift in Sources */ = {isa = PBXBuildFile; fileRef = A10000000000000000000053 /* DomainModelsTests.swift */; };
		A10000000000000000000055 /* ResponseParsers.swift in Sources */ = {isa = PBXBuildFile; fileRef = A10000000000000000000056 /* ResponseParsers.swift */; };
		A10000000000000000000057 /* ResponseParsersTests.swift in Sources */ = {isa = PBXBuildFile; fileRef = A10000000000000000000058 /* ResponseParsersTests.swift */; };
		A1000000000000000000005B /* CCSwitchRepository.swift in Sources */ = {isa = PBXBuildFile; fileRef = A1000000000000000000005E /* CCSwitchRepository.swift */; };
		A1000000000000000000005C /* CCSwitchRepositoryTests.swift in Sources */ = {isa = PBXBuildFile; fileRef = A1000000000000000000005F /* CCSwitchRepositoryTests.swift */; };
		A1000000000000000000005D /* libsqlite3.tbd in Test Frameworks */ = {isa = PBXBuildFile; fileRef = A1000000000000000000001A /* libsqlite3.tbd */; };
		A10000000000000000000060 /* CredentialReader.swift in Sources */ = {isa = PBXBuildFile; fileRef = A10000000000000000000061 /* CredentialReader.swift */; };
		A10000000000000000000062 /* CredentialReaderTests.swift in Sources */ = {isa = PBXBuildFile; fileRef = A10000000000000000000063 /* CredentialReaderTests.swift */; };
		A10000000000000000000064 /* BalanceAPIClient.swift in Sources */ = {isa = PBXBuildFile; fileRef = A10000000000000000000065 /* BalanceAPIClient.swift */; };
		A10000000000000000000066 /* BalanceAPIClientTests.swift in Sources */ = {isa = PBXBuildFile; fileRef = A10000000000000000000067 /* BalanceAPIClientTests.swift */; };
		A10000000000000000000069 /* OpenCodexRepository.swift in Sources */ = {isa = PBXBuildFile; fileRef = A10000000000000000000068 /* OpenCodexRepository.swift */; };
		A1000000000000000000006B /* OpenCodexRepositoryTests.swift in Sources */ = {isa = PBXBuildFile; fileRef = A1000000000000000000006A /* OpenCodexRepositoryTests.swift */; };
		A1000000000000000000006C /* DashboardScrollClamping.swift in Sources */ = {isa = PBXBuildFile; fileRef = A1000000000000000000006D /* DashboardScrollClamping.swift */; };
		A1000000000000000000006E /* DashboardScrollClampingTests.swift in Sources */ = {isa = PBXBuildFile; fileRef = A1000000000000000000006F /* DashboardScrollClampingTests.swift */; };
		A10000000000000000000070 /* OfficialQuotaClient.swift in Sources */ = {isa = PBXBuildFile; fileRef = A10000000000000000000071 /* OfficialQuotaClient.swift */; };
		A10000000000000000000072 /* OfficialQuotaClientTests.swift in Sources */ = {isa = PBXBuildFile; fileRef = A10000000000000000000073 /* OfficialQuotaClientTests.swift */; };
		A10000000000000000000074 /* CodexActivityMonitor.swift in Sources */ = {isa = PBXBuildFile; fileRef = A10000000000000000000076 /* CodexActivityMonitor.swift */; };
		A10000000000000000000075 /* CodexActivityMonitorTests.swift in Sources */ = {isa = PBXBuildFile; fileRef = A10000000000000000000077 /* CodexActivityMonitorTests.swift */; };
		A10000000000000000000079 /* DashboardWindowDragRegionTests.swift in Sources */ = {isa = PBXBuildFile; fileRef = A1000000000000000000007A /* DashboardWindowDragRegionTests.swift */; };
		A1000000000000000000007B /* ClaudeCodeActivityMonitor.swift in Sources */ = {isa = PBXBuildFile; fileRef = A1000000000000000000007D /* ClaudeCodeActivityMonitor.swift */; };
		A1000000000000000000007C /* ClaudeCodeActivityMonitorTests.swift in Sources */ = {isa = PBXBuildFile; fileRef = A1000000000000000000007E /* ClaudeCodeActivityMonitorTests.swift */; };
		A10000000000000000000083 /* MenuBarViews.swift in Sources */ = {isa = PBXBuildFile; fileRef = A10000000000000000000080 /* MenuBarViews.swift */; };
		A10000000000000000000084 /* MenuBarGeometry.swift in Sources */ = {isa = PBXBuildFile; fileRef = A10000000000000000000081 /* MenuBarGeometry.swift */; };
		A10000000000000000000085 /* MenuBarAnimation.swift in Sources */ = {isa = PBXBuildFile; fileRef = A10000000000000000000082 /* MenuBarAnimation.swift */; };
		A10000000000000000000087 /* StatusItemController.swift in Sources */ = {isa = PBXBuildFile; fileRef = A10000000000000000000088 /* StatusItemController.swift */; };
		A10000000000000000000090 /* DashboardComponents.swift in Sources */ = {isa = PBXBuildFile; fileRef = A10000000000000000000091 /* DashboardComponents.swift */; };
		A100000000000000000000A1 /* DashboardSettingsComponents.swift in Sources */ = {isa = PBXBuildFile; fileRef = A100000000000000000000A2 /* DashboardSettingsComponents.swift */; };
		A10000000000000000000094 /* DashboardComponentsTests.swift in Sources */ = {isa = PBXBuildFile; fileRef = A10000000000000000000095 /* DashboardComponentsTests.swift */; };
		A10000000000000000000096 /* StatusLinksEditor.swift in Sources */ = {isa = PBXBuildFile; fileRef = A10000000000000000000097 /* StatusLinksEditor.swift */; };
		A10000000000000000000098 /* StatusLinksScrollAnchor.swift in Sources */ = {isa = PBXBuildFile; fileRef = A10000000000000000000099 /* StatusLinksScrollAnchor.swift */; };
		A1000000000000000000009A /* StatusLinksTests.swift in Sources */ = {isa = PBXBuildFile; fileRef = A1000000000000000000009B /* StatusLinksTests.swift */; };
		A1000000000000000000009D /* DashboardWindowController.swift in Sources */ = {isa = PBXBuildFile; fileRef = A1000000000000000000009E /* DashboardWindowController.swift */; };
		A1000000000000000000009F /* DashboardWindowControllerTests.swift in Sources */ = {isa = PBXBuildFile; fileRef = A100000000000000000000A0 /* DashboardWindowControllerTests.swift */; };
		A100000000000000000000B0 /* DashboardAboutPage.swift in Sources */ = {isa = PBXBuildFile; fileRef = A100000000000000000000B1 /* DashboardAboutPage.swift */; };
		A100000000000000000000B2 /* DashboardAdvancedPage.swift in Sources */ = {isa = PBXBuildFile; fileRef = A100000000000000000000B3 /* DashboardAdvancedPage.swift */; };
		A100000000000000000000B4 /* DashboardGeneralAndRefreshPages.swift in Sources */ = {isa = PBXBuildFile; fileRef = A100000000000000000000B5 /* DashboardGeneralAndRefreshPages.swift */; };
		A100000000000000000000B6 /* DashboardLogsPage.swift in Sources */ = {isa = PBXBuildFile; fileRef = A100000000000000000000B7 /* DashboardLogsPage.swift */; };
		A100000000000000000000B8 /* DashboardMenuBarPage.swift in Sources */ = {isa = PBXBuildFile; fileRef = A100000000000000000000B9 /* DashboardMenuBarPage.swift */; };
		A100000000000000000000BA /* DashboardMenuPage.swift in Sources */ = {isa = PBXBuildFile; fileRef = A100000000000000000000BB /* DashboardMenuPage.swift */; };
		A100000000000000000000BC /* DashboardPreferencePageRelay.swift in Sources */ = {isa = PBXBuildFile; fileRef = A100000000000000000000BD /* DashboardPreferencePageRelay.swift */; };
		A100000000000000000000BE /* DashboardPreferencePages.swift in Sources */ = {isa = PBXBuildFile; fileRef = A100000000000000000000BF /* DashboardPreferencePages.swift */; };
		A100000000000000000000C1 /* DashboardPreferencePagesTests.swift in Sources */ = {isa = PBXBuildFile; fileRef = A100000000000000000000C2 /* DashboardPreferencePagesTests.swift */; };
		A100000000000000000000C3 /* DashboardProviderPages.swift in Sources */ = {isa = PBXBuildFile; fileRef = A100000000000000000000C5 /* DashboardProviderPages.swift */; };
		A100000000000000000000C4 /* DashboardProviderPagesTests.swift in Sources */ = {isa = PBXBuildFile; fileRef = A100000000000000000000C6 /* DashboardProviderPagesTests.swift */; };
/* End PBXBuildFile section */

/* Begin PBXFileReference section */
		A10000000000000000000010 /* BalanceBar.swift */ = {isa = PBXFileReference; lastKnownFileType = sourcecode.swift; path = BalanceBar.swift; sourceTree = "<group>"; };
		A10000000000000000000011 /* Info.plist */ = {isa = PBXFileReference; lastKnownFileType = text.plist.xml; path = Info.plist; sourceTree = "<group>"; };
		A10000000000000000000012 /* BalanceBar.icns */ = {isa = PBXFileReference; lastKnownFileType = image.icns; path = BalanceBar.icns; sourceTree = "<group>"; };
		A10000000000000000000013 /* CodexIcon.svg */ = {isa = PBXFileReference; lastKnownFileType = "image.svg+xml"; path = CodexIcon.svg; sourceTree = "<group>"; };
		A10000000000000000000014 /* Claude.svg */ = {isa = PBXFileReference; lastKnownFileType = "image.svg+xml"; path = Claude.svg; sourceTree = "<group>"; };
		A10000000000000000000015 /* ClaudeThinking.svg */ = {isa = PBXFileReference; lastKnownFileType = "image.svg+xml"; path = ClaudeThinking.svg; sourceTree = "<group>"; };
		A10000000000000000000016 /* BalanceBar.app */ = {isa = PBXFileReference; explicitFileType = wrapper.application; includeInIndex = 0; path = BalanceBar.app; sourceTree = BUILT_PRODUCTS_DIR; };
		A10000000000000000000017 /* AppKit.framework */ = {isa = PBXFileReference; lastKnownFileType = wrapper.framework; name = AppKit.framework; path = System/Library/Frameworks/AppKit.framework; sourceTree = SDKROOT; };
		A10000000000000000000018 /* Foundation.framework */ = {isa = PBXFileReference; lastKnownFileType = wrapper.framework; name = Foundation.framework; path = System/Library/Frameworks/Foundation.framework; sourceTree = SDKROOT; };
		A10000000000000000000019 /* SwiftUI.framework */ = {isa = PBXFileReference; lastKnownFileType = wrapper.framework; name = SwiftUI.framework; path = System/Library/Frameworks/SwiftUI.framework; sourceTree = SDKROOT; };
		A1000000000000000000001A /* libsqlite3.tbd */ = {isa = PBXFileReference; lastKnownFileType = sourcecode.text-based; name = libsqlite3.tbd; path = usr/lib/libsqlite3.tbd; sourceTree = SDKROOT; };
		A1000000000000000000002D /* BalanceBarTests.xctest */ = {isa = PBXFileReference; explicitFileType = wrapper.cfbundle; includeInIndex = 0; path = BalanceBarTests.xctest; sourceTree = BUILT_PRODUCTS_DIR; };
		A1000000000000000000002E /* MenuBarGeometryTests.swift */ = {isa = PBXFileReference; lastKnownFileType = sourcecode.swift; path = MenuBarGeometryTests.swift; sourceTree = "<group>"; };
		A1000000000000000000002F /* XCTest.framework */ = {isa = PBXFileReference; lastKnownFileType = wrapper.framework; name = XCTest.framework; path = System/Library/Frameworks/XCTest.framework; sourceTree = SDKROOT; };
		A10000000000000000000041 /* Localization.swift */ = {isa = PBXFileReference; lastKnownFileType = sourcecode.swift; path = "Sources/AppCore/Localization.swift"; sourceTree = "<group>"; };
		A10000000000000000000043 /* LocalizationTests.swift */ = {isa = PBXFileReference; lastKnownFileType = sourcecode.swift; path = LocalizationTests.swift; sourceTree = "<group>"; };
		A10000000000000000000045 /* AppPreferences.swift */ = {isa = PBXFileReference; lastKnownFileType = sourcecode.swift; path = AppPreferences.swift; sourceTree = "<group>"; };
		A10000000000000000000047 /* AppPreferencesTests.swift */ = {isa = PBXFileReference; lastKnownFileType = sourcecode.swift; path = AppPreferencesTests.swift; sourceTree = "<group>"; };
		A1000000000000000000004E /* AssistantClient.swift */ = {isa = PBXFileReference; lastKnownFileType = sourcecode.swift; path = AssistantClient.swift; sourceTree = "<group>"; };
		A1000000000000000000004F /* BalanceQuery.swift */ = {isa = PBXFileReference; lastKnownFileType = sourcecode.swift; path = BalanceQuery.swift; sourceTree = "<group>"; };
		A10000000000000000000050 /* ProviderModels.swift */ = {isa = PBXFileReference; lastKnownFileType = sourcecode.swift; path = ProviderModels.swift; sourceTree = "<group>"; };
		A10000000000000000000051 /* Snapshot.swift */ = {isa = PBXFileReference; lastKnownFileType = sourcecode.swift; path = Snapshot.swift; sourceTree = "<group>"; };
		A10000000000000000000052 /* StatusLink.swift */ = {isa = PBXFileReference; lastKnownFileType = sourcecode.swift; path = StatusLink.swift; sourceTree = "<group>"; };
		A10000000000000000000053 /* DomainModelsTests.swift */ = {isa = PBXFileReference; lastKnownFileType = sourcecode.swift; path = DomainModelsTests.swift; sourceTree = "<group>"; };
		A10000000000000000000056 /* ResponseParsers.swift */ = {isa = PBXFileReference; lastKnownFileType = sourcecode.swift; path = ResponseParsers.swift; sourceTree = "<group>"; };
		A10000000000000000000058 /* ResponseParsersTests.swift */ = {isa = PBXFileReference; lastKnownFileType = sourcecode.swift; path = ResponseParsersTests.swift; sourceTree = "<group>"; };
		A1000000000000000000005E /* CCSwitchRepository.swift */ = {isa = PBXFileReference; lastKnownFileType = sourcecode.swift; path = CCSwitchRepository.swift; sourceTree = "<group>"; };
		A1000000000000000000005F /* CCSwitchRepositoryTests.swift */ = {isa = PBXFileReference; lastKnownFileType = sourcecode.swift; path = CCSwitchRepositoryTests.swift; sourceTree = "<group>"; };
		A10000000000000000000061 /* CredentialReader.swift */ = {isa = PBXFileReference; lastKnownFileType = sourcecode.swift; path = CredentialReader.swift; sourceTree = "<group>"; };
		A10000000000000000000063 /* CredentialReaderTests.swift */ = {isa = PBXFileReference; lastKnownFileType = sourcecode.swift; path = CredentialReaderTests.swift; sourceTree = "<group>"; };
		A10000000000000000000065 /* BalanceAPIClient.swift */ = {isa = PBXFileReference; lastKnownFileType = sourcecode.swift; path = BalanceAPIClient.swift; sourceTree = "<group>"; };
		A10000000000000000000067 /* BalanceAPIClientTests.swift */ = {isa = PBXFileReference; lastKnownFileType = sourcecode.swift; path = BalanceAPIClientTests.swift; sourceTree = "<group>"; };
		A10000000000000000000068 /* OpenCodexRepository.swift */ = {isa = PBXFileReference; lastKnownFileType = sourcecode.swift; path = OpenCodexRepository.swift; sourceTree = "<group>"; };
		A1000000000000000000006A /* OpenCodexRepositoryTests.swift */ = {isa = PBXFileReference; lastKnownFileType = sourcecode.swift; path = OpenCodexRepositoryTests.swift; sourceTree = "<group>"; };
		A1000000000000000000006D /* DashboardScrollClamping.swift */ = {isa = PBXFileReference; lastKnownFileType = sourcecode.swift; path = "Sources/AppCore/DashboardScrollClamping.swift"; sourceTree = "<group>"; };
		A1000000000000000000006F /* DashboardScrollClampingTests.swift */ = {isa = PBXFileReference; lastKnownFileType = sourcecode.swift; path = DashboardScrollClampingTests.swift; sourceTree = "<group>"; };
		A10000000000000000000071 /* OfficialQuotaClient.swift */ = {isa = PBXFileReference; lastKnownFileType = sourcecode.swift; path = OfficialQuotaClient.swift; sourceTree = "<group>"; };
		A10000000000000000000073 /* OfficialQuotaClientTests.swift */ = {isa = PBXFileReference; lastKnownFileType = sourcecode.swift; path = OfficialQuotaClientTests.swift; sourceTree = "<group>"; };
		A10000000000000000000076 /* CodexActivityMonitor.swift */ = {isa = PBXFileReference; lastKnownFileType = sourcecode.swift; path = CodexActivityMonitor.swift; sourceTree = "<group>"; };
		A10000000000000000000077 /* CodexActivityMonitorTests.swift */ = {isa = PBXFileReference; lastKnownFileType = sourcecode.swift; path = CodexActivityMonitorTests.swift; sourceTree = "<group>"; };
		A1000000000000000000007A /* DashboardWindowDragRegionTests.swift */ = {isa = PBXFileReference; lastKnownFileType = sourcecode.swift; path = DashboardWindowDragRegionTests.swift; sourceTree = "<group>"; };
		A1000000000000000000007D /* ClaudeCodeActivityMonitor.swift */ = {isa = PBXFileReference; lastKnownFileType = sourcecode.swift; path = ClaudeCodeActivityMonitor.swift; sourceTree = "<group>"; };
		A1000000000000000000007E /* ClaudeCodeActivityMonitorTests.swift */ = {isa = PBXFileReference; lastKnownFileType = sourcecode.swift; path = ClaudeCodeActivityMonitorTests.swift; sourceTree = "<group>"; };
		A10000000000000000000080 /* MenuBarViews.swift */ = {isa = PBXFileReference; lastKnownFileType = sourcecode.swift; path = MenuBarViews.swift; sourceTree = "<group>"; };
		A10000000000000000000081 /* MenuBarGeometry.swift */ = {isa = PBXFileReference; lastKnownFileType = sourcecode.swift; path = MenuBarGeometry.swift; sourceTree = "<group>"; };
		A10000000000000000000082 /* MenuBarAnimation.swift */ = {isa = PBXFileReference; lastKnownFileType = sourcecode.swift; path = MenuBarAnimation.swift; sourceTree = "<group>"; };
		A10000000000000000000088 /* StatusItemController.swift */ = {isa = PBXFileReference; lastKnownFileType = sourcecode.swift; path = StatusItemController.swift; sourceTree = "<group>"; };
		A10000000000000000000091 /* DashboardComponents.swift */ = {isa = PBXFileReference; lastKnownFileType = sourcecode.swift; path = DashboardComponents.swift; sourceTree = "<group>"; };
		A100000000000000000000A2 /* DashboardSettingsComponents.swift */ = {isa = PBXFileReference; lastKnownFileType = sourcecode.swift; path = DashboardSettingsComponents.swift; sourceTree = "<group>"; };
		A10000000000000000000095 /* DashboardComponentsTests.swift */ = {isa = PBXFileReference; lastKnownFileType = sourcecode.swift; path = DashboardComponentsTests.swift; sourceTree = "<group>"; };
		A10000000000000000000097 /* StatusLinksEditor.swift */ = {isa = PBXFileReference; lastKnownFileType = sourcecode.swift; path = StatusLinksEditor.swift; sourceTree = "<group>"; };
		A10000000000000000000099 /* StatusLinksScrollAnchor.swift */ = {isa = PBXFileReference; lastKnownFileType = sourcecode.swift; path = StatusLinksScrollAnchor.swift; sourceTree = "<group>"; };
		A1000000000000000000009B /* StatusLinksTests.swift */ = {isa = PBXFileReference; lastKnownFileType = sourcecode.swift; path = StatusLinksTests.swift; sourceTree = "<group>"; };
		A1000000000000000000009E /* DashboardWindowController.swift */ = {isa = PBXFileReference; lastKnownFileType = sourcecode.swift; path = DashboardWindowController.swift; sourceTree = "<group>"; };
		A100000000000000000000A0 /* DashboardWindowControllerTests.swift */ = {isa = PBXFileReference; lastKnownFileType = sourcecode.swift; path = DashboardWindowControllerTests.swift; sourceTree = "<group>"; };
		A100000000000000000000B1 /* DashboardAboutPage.swift */ = {isa = PBXFileReference; lastKnownFileType = sourcecode.swift; path = DashboardAboutPage.swift; sourceTree = "<group>"; };
		A100000000000000000000B3 /* DashboardAdvancedPage.swift */ = {isa = PBXFileReference; lastKnownFileType = sourcecode.swift; path = DashboardAdvancedPage.swift; sourceTree = "<group>"; };
		A100000000000000000000B5 /* DashboardGeneralAndRefreshPages.swift */ = {isa = PBXFileReference; lastKnownFileType = sourcecode.swift; path = DashboardGeneralAndRefreshPages.swift; sourceTree = "<group>"; };
		A100000000000000000000B7 /* DashboardLogsPage.swift */ = {isa = PBXFileReference; lastKnownFileType = sourcecode.swift; path = DashboardLogsPage.swift; sourceTree = "<group>"; };
		A100000000000000000000B9 /* DashboardMenuBarPage.swift */ = {isa = PBXFileReference; lastKnownFileType = sourcecode.swift; path = DashboardMenuBarPage.swift; sourceTree = "<group>"; };
		A100000000000000000000BB /* DashboardMenuPage.swift */ = {isa = PBXFileReference; lastKnownFileType = sourcecode.swift; path = DashboardMenuPage.swift; sourceTree = "<group>"; };
		A100000000000000000000BD /* DashboardPreferencePageRelay.swift */ = {isa = PBXFileReference; lastKnownFileType = sourcecode.swift; path = DashboardPreferencePageRelay.swift; sourceTree = "<group>"; };
		A100000000000000000000BF /* DashboardPreferencePages.swift */ = {isa = PBXFileReference; lastKnownFileType = sourcecode.swift; path = DashboardPreferencePages.swift; sourceTree = "<group>"; };
		A100000000000000000000C2 /* DashboardPreferencePagesTests.swift */ = {isa = PBXFileReference; lastKnownFileType = sourcecode.swift; path = DashboardPreferencePagesTests.swift; sourceTree = "<group>"; };
		A100000000000000000000C5 /* DashboardProviderPages.swift */ = {isa = PBXFileReference; lastKnownFileType = sourcecode.swift; path = DashboardProviderPages.swift; sourceTree = "<group>"; };
		A100000000000000000000C6 /* DashboardProviderPagesTests.swift */ = {isa = PBXFileReference; lastKnownFileType = sourcecode.swift; path = DashboardProviderPagesTests.swift; sourceTree = "<group>"; };
/* End PBXFileReference section */

/* Begin PBXFrameworksBuildPhase section */
		A10000000000000000000004 /* Frameworks */ = {
			isa = PBXFrameworksBuildPhase;
			buildActionMask = 2147483647;
			files = (
				A10000000000000000000025 /* AppKit.framework in Frameworks */,
				A10000000000000000000026 /* Foundation.framework in Frameworks */,
				A10000000000000000000027 /* SwiftUI.framework in Frameworks */,
				A10000000000000000000028 /* libsqlite3.tbd in Frameworks */,
			);
			runOnlyForDeploymentPostprocessing = 0;
		};
		A10000000000000000000034 /* Frameworks */ = {
			isa = PBXFrameworksBuildPhase;
			buildActionMask = 2147483647;
			files = (
				A10000000000000000000031 /* XCTest.framework in Frameworks */,
				A1000000000000000000005D /* libsqlite3.tbd in Test Frameworks */,
			);
			runOnlyForDeploymentPostprocessing = 0;
		};
/* End PBXFrameworksBuildPhase section */

/* Begin PBXGroup section */
		A1000000000000000000001B /* BalanceBar */ = {
			isa = PBXGroup;
			children = (
				A1000000000000000000001C /* work/balance-bar */,
				A1000000000000000000002C /* Tests */,
				A1000000000000000000001D /* Frameworks */,
				A1000000000000000000001E /* Products */,
			);
			sourceTree = "<group>";
		};
		A1000000000000000000001C /* work/balance-bar */ = {
			isa = PBXGroup;
			children = (
				A10000000000000000000010 /* BalanceBar.swift */,
				A10000000000000000000045 /* AppPreferences.swift */,
				A10000000000000000000041 /* Localization.swift */,
				A1000000000000000000006D /* DashboardScrollClamping.swift */,
				A10000000000000000000054 /* Domain */,
				A10000000000000000000059 /* Services */,
				A10000000000000000000078 /* Monitoring */,
				A1000000000000000000007F /* UI */,
				A10000000000000000000011 /* Info.plist */,
				A10000000000000000000012 /* BalanceBar.icns */,
				A10000000000000000000013 /* CodexIcon.svg */,
				A10000000000000000000014 /* Claude.svg */,
				A10000000000000000000015 /* ClaudeThinking.svg */,
			);
			name = "work/balance-bar";
			path = "work/balance-bar";
			sourceTree = "<group>";
		};
		A1000000000000000000001D /* Frameworks */ = {
			isa = PBXGroup;
			children = (
				A10000000000000000000017 /* AppKit.framework */,
				A10000000000000000000018 /* Foundation.framework */,
				A10000000000000000000019 /* SwiftUI.framework */,
				A1000000000000000000001A /* libsqlite3.tbd */,
				A1000000000000000000002F /* XCTest.framework */,
			);
			name = Frameworks;
			sourceTree = "<group>";
		};
		A1000000000000000000001E /* Products */ = {
			isa = PBXGroup;
			children = (
				A10000000000000000000016 /* BalanceBar.app */,
				A1000000000000000000002D /* BalanceBarTests.xctest */,
			);
			name = Products;
			sourceTree = "<group>";
		};
		A1000000000000000000002C /* Tests */ = {
			isa = PBXGroup;
			children = (
				A1000000000000000000002B /* BalanceBarTests */,
			);
			path = Tests;
			sourceTree = "<group>";
		};
		A1000000000000000000002B /* BalanceBarTests */ = {
			isa = PBXGroup;
			children = (
				A1000000000000000000002E /* MenuBarGeometryTests.swift */,
				A100000000000000000000A0 /* DashboardWindowControllerTests.swift */,
				A1000000000000000000007A /* DashboardWindowDragRegionTests.swift */,
				A10000000000000000000095 /* DashboardComponentsTests.swift */,
				A1000000000000000000006F /* DashboardScrollClampingTests.swift */,
				A1000000000000000000009B /* StatusLinksTests.swift */,
				A10000000000000000000043 /* LocalizationTests.swift */,
				A10000000000000000000047 /* AppPreferencesTests.swift */,
				A10000000000000000000053 /* DomainModelsTests.swift */,
				A10000000000000000000058 /* ResponseParsersTests.swift */,
				A1000000000000000000005F /* CCSwitchRepositoryTests.swift */,
				A10000000000000000000063 /* CredentialReaderTests.swift */,
				A10000000000000000000067 /* BalanceAPIClientTests.swift */,
				A1000000000000000000006A /* OpenCodexRepositoryTests.swift */,
				A10000000000000000000073 /* OfficialQuotaClientTests.swift */,
				A10000000000000000000077 /* CodexActivityMonitorTests.swift */,
				A1000000000000000000007E /* ClaudeCodeActivityMonitorTests.swift */,
				A100000000000000000000C2 /* DashboardPreferencePagesTests.swift */,
				A100000000000000000000C6 /* DashboardProviderPagesTests.swift */,
			);
			path = BalanceBarTests;
			sourceTree = "<group>";
		};
		A10000000000000000000054 /* Domain */ = {
			isa = PBXGroup;
			children = (
				A1000000000000000000004E /* AssistantClient.swift */,
				A1000000000000000000004F /* BalanceQuery.swift */,
				A10000000000000000000050 /* ProviderModels.swift */,
				A10000000000000000000051 /* Snapshot.swift */,
				A10000000000000000000052 /* StatusLink.swift */,
			);
			name = Domain;
			path = "Sources/Domain";
			sourceTree = "<group>";
		};
		A10000000000000000000059 /* Services */ = {
			isa = PBXGroup;
			children = (
				A1000000000000000000005E /* CCSwitchRepository.swift */,
				A10000000000000000000061 /* CredentialReader.swift */,
				A10000000000000000000065 /* BalanceAPIClient.swift */,
				A10000000000000000000068 /* OpenCodexRepository.swift */,
				A10000000000000000000071 /* OfficialQuotaClient.swift */,
				A1000000000000000000005A /* Parsing */,
			);
			name = Services;
			path = "Sources/Services";
			sourceTree = "<group>";
		};
		A1000000000000000000005A /* Parsing */ = {
			isa = PBXGroup;
			children = (
				A10000000000000000000056 /* ResponseParsers.swift */,
			);
			name = Parsing;
			path = Parsing;
			sourceTree = "<group>";
		};
		A10000000000000000000078 /* Monitoring */ = {
			isa = PBXGroup;
			children = (
				A10000000000000000000076 /* CodexActivityMonitor.swift */,
				A1000000000000000000007D /* ClaudeCodeActivityMonitor.swift */,
			);
			name = Monitoring;
			path = "Sources/Monitoring";
			sourceTree = "<group>";
		};
		A1000000000000000000007F /* UI */ = {
			isa = PBXGroup;
			children = (
				A10000000000000000000086 /* MenuBar */,
				A10000000000000000000092 /* Dashboard */,
			);
			name = UI;
			path = "Sources/UI";
			sourceTree = "<group>";
		};
		A10000000000000000000092 /* Dashboard */ = {
			isa = PBXGroup;
			children = (
				A100000000000000000000A2 /* DashboardSettingsComponents.swift */,
				A1000000000000000000009E /* DashboardWindowController.swift */,
				A10000000000000000000093 /* Components */,
				A100000000000000000000C0 /* Preferences */,
				A100000000000000000000C7 /* Providers */,
				A1000000000000000000009C /* StatusLinks */,
			);
			name = Dashboard;
			path = Dashboard;
			sourceTree = "<group>";
		};
		A100000000000000000000C0 /* Preferences */ = {
			isa = PBXGroup;
			children = (
				A100000000000000000000B1 /* DashboardAboutPage.swift */,
				A100000000000000000000B3 /* DashboardAdvancedPage.swift */,
				A100000000000000000000B5 /* DashboardGeneralAndRefreshPages.swift */,
				A100000000000000000000B7 /* DashboardLogsPage.swift */,
				A100000000000000000000B9 /* DashboardMenuBarPage.swift */,
				A100000000000000000000BB /* DashboardMenuPage.swift */,
				A100000000000000000000BD /* DashboardPreferencePageRelay.swift */,
				A100000000000000000000BF /* DashboardPreferencePages.swift */,
			);
			name = Preferences;
			path = "Pages/Preferences";
			sourceTree = "<group>";
		};
		A100000000000000000000C7 /* Providers */ = {
			isa = PBXGroup;
			children = (
				A100000000000000000000C5 /* DashboardProviderPages.swift */,
			);
			name = Providers;
			path = "Pages/Providers";
			sourceTree = "<group>";
		};
		A10000000000000000000093 /* Components */ = {
			isa = PBXGroup;
			children = (
				A10000000000000000000091 /* DashboardComponents.swift */,
			);
			name = Components;
			path = Components;
			sourceTree = "<group>";
		};
		A1000000000000000000009C /* StatusLinks */ = {
			isa = PBXGroup;
			children = (
				A10000000000000000000097 /* StatusLinksEditor.swift */,
				A10000000000000000000099 /* StatusLinksScrollAnchor.swift */,
			);
			name = StatusLinks;
			path = StatusLinks;
			sourceTree = "<group>";
		};
		A10000000000000000000086 /* MenuBar */ = {
			isa = PBXGroup;
			children = (
				A10000000000000000000080 /* MenuBarViews.swift */,
				A10000000000000000000081 /* MenuBarGeometry.swift */,
				A10000000000000000000082 /* MenuBarAnimation.swift */,
				A10000000000000000000088 /* StatusItemController.swift */,
			);
			name = MenuBar;
			path = MenuBar;
			sourceTree = "<group>";
		};
/* End PBXGroup section */

/* Begin PBXNativeTarget section */
		A10000000000000000000002 /* BalanceBar */ = {
			isa = PBXNativeTarget;
			buildConfigurationList = A10000000000000000000007 /* Build configuration list for PBXNativeTarget "BalanceBar" */;
			buildPhases = (
				A10000000000000000000003 /* Sources */,
				A10000000000000000000004 /* Frameworks */,
				A10000000000000000000005 /* Resources */,
			);
			buildRules = (
			);
			dependencies = (
			);
			name = BalanceBar;
			packageProductDependencies = (
			);
			productName = BalanceBar;
			productReference = A10000000000000000000016 /* BalanceBar.app */;
			productType = "com.apple.product-type.application";
		};
		A10000000000000000000032 /* BalanceBarTests */ = {
			isa = PBXNativeTarget;
			buildConfigurationList = A10000000000000000000038 /* Build configuration list for PBXNativeTarget "BalanceBarTests" */;
			buildPhases = (
				A10000000000000000000033 /* Sources */,
				A10000000000000000000034 /* Frameworks */,
				A10000000000000000000035 /* Resources */,
			);
			buildRules = (
			);
			dependencies = (
				A1000000000000000000003B /* PBXTargetDependency */,
			);
			name = BalanceBarTests;
			packageProductDependencies = (
			);
			productName = BalanceBarTests;
			productReference = A1000000000000000000002D /* BalanceBarTests.xctest */;
			productType = "com.apple.product-type.bundle.unit-test";
		};
/* End PBXNativeTarget section */

/* Begin PBXProject section */
		A10000000000000000000001 /* Project object */ = {
			isa = PBXProject;
			attributes = {
				LastSwiftUpdateCheck = 2600;
				LastUpgradeCheck = 2600;
				TargetAttributes = {
					A10000000000000000000002 = {
						CreatedOnToolsVersion = 2600;
					};
					A10000000000000000000032 = {
						CreatedOnToolsVersion = 2600;
						TestTargetID = A10000000000000000000002;
					};
				};
			};
			buildConfigurationList = A10000000000000000000006 /* Build configuration list for PBXProject "BalanceBar" */;
			compatibilityVersion = "Xcode 16.0";
			developmentRegion = en;
			hasScannedForEncodings = 0;
			knownRegions = (
				en,
				Base,
			);
			mainGroup = A1000000000000000000001B /* BalanceBar */;
			productRefGroup = A1000000000000000000001E /* Products */;
			projectDirPath = "";
			projectRoot = "";
			targets = (
				A10000000000000000000002 /* BalanceBar */,
				A10000000000000000000032 /* BalanceBarTests */,
			);
		};
/* End PBXProject section */

/* Begin PBXResourcesBuildPhase section */
		A10000000000000000000005 /* Resources */ = {
			isa = PBXResourcesBuildPhase;
			buildActionMask = 2147483647;
			files = (
				A10000000000000000000021 /* BalanceBar.icns in Resources */,
				A10000000000000000000022 /* CodexIcon.svg in Resources */,
				A10000000000000000000023 /* Claude.svg in Resources */,
				A10000000000000000000024 /* ClaudeThinking.svg in Resources */,
			);
			runOnlyForDeploymentPostprocessing = 0;
		};
		A10000000000000000000035 /* Resources */ = {
			isa = PBXResourcesBuildPhase;
			buildActionMask = 2147483647;
			files = (
			);
			runOnlyForDeploymentPostprocessing = 0;
		};
/* End PBXResourcesBuildPhase section */

/* Begin PBXSourcesBuildPhase section */
		A10000000000000000000003 /* Sources */ = {
			isa = PBXSourcesBuildPhase;
			buildActionMask = 2147483647;
			files = (
				A10000000000000000000020 /* BalanceBar.swift in Sources */,
				A10000000000000000000044 /* AppPreferences.swift in Sources */,
				A10000000000000000000040 /* Localization.swift in Sources */,
				A10000000000000000000048 /* AssistantClient.swift in Sources */,
				A10000000000000000000049 /* BalanceQuery.swift in Sources */,
				A1000000000000000000004A /* ProviderModels.swift in Sources */,
				A1000000000000000000004B /* Snapshot.swift in Sources */,
				A1000000000000000000004C /* StatusLink.swift in Sources */,
				A1000000000000000000006C /* DashboardScrollClamping.swift in Sources */,
				A10000000000000000000055 /* ResponseParsers.swift in Sources */,
				A1000000000000000000005B /* CCSwitchRepository.swift in Sources */,
				A10000000000000000000060 /* CredentialReader.swift in Sources */,
				A10000000000000000000064 /* BalanceAPIClient.swift in Sources */,
				A10000000000000000000069 /* OpenCodexRepository.swift in Sources */,
				A10000000000000000000070 /* OfficialQuotaClient.swift in Sources */,
				A10000000000000000000074 /* CodexActivityMonitor.swift in Sources */,
				A1000000000000000000007B /* ClaudeCodeActivityMonitor.swift in Sources */,
				A10000000000000000000083 /* MenuBarViews.swift in Sources */,
				A10000000000000000000084 /* MenuBarGeometry.swift in Sources */,
				A10000000000000000000085 /* MenuBarAnimation.swift in Sources */,
				A10000000000000000000087 /* StatusItemController.swift in Sources */,
				A10000000000000000000090 /* DashboardComponents.swift in Sources */,
				A100000000000000000000A1 /* DashboardSettingsComponents.swift in Sources */,
				A1000000000000000000009D /* DashboardWindowController.swift in Sources */,
				A10000000000000000000096 /* StatusLinksEditor.swift in Sources */,
				A10000000000000000000098 /* StatusLinksScrollAnchor.swift in Sources */,
				A100000000000000000000B0 /* DashboardAboutPage.swift in Sources */,
				A100000000000000000000B2 /* DashboardAdvancedPage.swift in Sources */,
				A100000000000000000000B4 /* DashboardGeneralAndRefreshPages.swift in Sources */,
				A100000000000000000000B6 /* DashboardLogsPage.swift in Sources */,
				A100000000000000000000B8 /* DashboardMenuBarPage.swift in Sources */,
				A100000000000000000000BA /* DashboardMenuPage.swift in Sources */,
				A100000000000000000000BC /* DashboardPreferencePageRelay.swift in Sources */,
				A100000000000000000000BE /* DashboardPreferencePages.swift in Sources */,
				A100000000000000000000C3 /* DashboardProviderPages.swift in Sources */,
			);
			runOnlyForDeploymentPostprocessing = 0;
		};
		A10000000000000000000033 /* Sources */ = {
			isa = PBXSourcesBuildPhase;
			buildActionMask = 2147483647;
			files = (
				A10000000000000000000030 /* MenuBarGeometryTests.swift in Sources */,
				A1000000000000000000009F /* DashboardWindowControllerTests.swift in Sources */,
				A10000000000000000000079 /* DashboardWindowDragRegionTests.swift in Sources */,
				A10000000000000000000094 /* DashboardComponentsTests.swift in Sources */,
				A1000000000000000000006E /* DashboardScrollClampingTests.swift in Sources */,
				A1000000000000000000009A /* StatusLinksTests.swift in Sources */,
				A10000000000000000000042 /* LocalizationTests.swift in Sources */,
				A10000000000000000000046 /* AppPreferencesTests.swift in Sources */,
				A1000000000000000000004D /* DomainModelsTests.swift in Sources */,
				A10000000000000000000057 /* ResponseParsersTests.swift in Sources */,
				A1000000000000000000005C /* CCSwitchRepositoryTests.swift in Sources */,
				A10000000000000000000062 /* CredentialReaderTests.swift in Sources */,
				A10000000000000000000066 /* BalanceAPIClientTests.swift in Sources */,
				A1000000000000000000006B /* OpenCodexRepositoryTests.swift in Sources */,
				A10000000000000000000072 /* OfficialQuotaClientTests.swift in Sources */,
				A10000000000000000000075 /* CodexActivityMonitorTests.swift in Sources */,
				A1000000000000000000007C /* ClaudeCodeActivityMonitorTests.swift in Sources */,
				A100000000000000000000C1 /* DashboardPreferencePagesTests.swift in Sources */,
				A100000000000000000000C4 /* DashboardProviderPagesTests.swift in Sources */,
			);
			runOnlyForDeploymentPostprocessing = 0;
		};
/* End PBXSourcesBuildPhase section */

/* Begin XCBuildConfiguration section */
		A10000000000000000000008 /* Debug */ = {
			isa = XCBuildConfiguration;
			buildSettings = {
				CLANG_ENABLE_MODULES = YES;
				MACOSX_DEPLOYMENT_TARGET = 14.0;
				SWIFT_VERSION = 5.0;
			};
			name = Debug;
		};
		A10000000000000000000009 /* Release */ = {
			isa = XCBuildConfiguration;
			buildSettings = {
				CLANG_ENABLE_MODULES = YES;
				MACOSX_DEPLOYMENT_TARGET = 14.0;
				SWIFT_VERSION = 5.0;
			};
			name = Release;
		};
		A1000000000000000000000A /* Debug */ = {
			isa = XCBuildConfiguration;
			buildSettings = {
				CODE_SIGN_IDENTITY = "";
				ENABLE_TESTABILITY = YES;
				GENERATE_INFOPLIST_FILE = NO;
				INFOPLIST_FILE = "work/balance-bar/Info.plist";
				LD_RUNPATH_SEARCH_PATHS = (
					"$(inherited)",
					"@executable_path/../Frameworks",
				);
				MACOSX_DEPLOYMENT_TARGET = 14.0;
				PRODUCT_BUNDLE_IDENTIFIER = "com.huanmeng06.BalanceBar.app";
				PRODUCT_NAME = BalanceBar;
				SWIFT_OPTIMIZATION_LEVEL = "-Onone";
				SWIFT_VERSION = 5.0;
			};
			name = Debug;
		};
		A1000000000000000000000B /* Release */ = {
			isa = XCBuildConfiguration;
			buildSettings = {
				CODE_SIGN_IDENTITY = "";
				GENERATE_INFOPLIST_FILE = NO;
				INFOPLIST_FILE = "work/balance-bar/Info.plist";
				LD_RUNPATH_SEARCH_PATHS = (
					"$(inherited)",
					"@executable_path/../Frameworks",
				);
				MACOSX_DEPLOYMENT_TARGET = 14.0;
				PRODUCT_BUNDLE_IDENTIFIER = "com.huanmeng06.BalanceBar.app";
				PRODUCT_NAME = BalanceBar;
				SWIFT_OPTIMIZATION_LEVEL = "-O";
				SWIFT_VERSION = 5.0;
			};
			name = Release;
		};
		A10000000000000000000036 /* Debug */ = {
			isa = XCBuildConfiguration;
			buildSettings = {
				BUNDLE_LOADER = "$(TEST_HOST)";
				CODE_SIGNING_ALLOWED = NO;
				GENERATE_INFOPLIST_FILE = YES;
				MACOSX_DEPLOYMENT_TARGET = 14.0;
				PRODUCT_BUNDLE_IDENTIFIER = "com.huanmeng06.BalanceBarTests";
				PRODUCT_NAME = "$(TARGET_NAME)";
				SWIFT_OPTIMIZATION_LEVEL = "-Onone";
				SWIFT_VERSION = 5.0;
				TEST_HOST = "$(BUILT_PRODUCTS_DIR)/BalanceBar.app/Contents/MacOS/BalanceBar";
			};
			name = Debug;
		};
		A10000000000000000000037 /* Release */ = {
			isa = XCBuildConfiguration;
			buildSettings = {
				BUNDLE_LOADER = "$(TEST_HOST)";
				CODE_SIGNING_ALLOWED = NO;
				GENERATE_INFOPLIST_FILE = YES;
				MACOSX_DEPLOYMENT_TARGET = 14.0;
				PRODUCT_BUNDLE_IDENTIFIER = "com.huanmeng06.BalanceBarTests";
				PRODUCT_NAME = "$(TARGET_NAME)";
				SWIFT_VERSION = 5.0;
				TEST_HOST = "$(BUILT_PRODUCTS_DIR)/BalanceBar.app/Contents/MacOS/BalanceBar";
			};
			name = Release;
		};
/* End XCBuildConfiguration section */

/* Begin XCConfigurationList section */
		A10000000000000000000006 /* Build configuration list for PBXProject "BalanceBar" */ = {
			isa = XCConfigurationList;
			buildConfigurations = (
				A10000000000000000000008 /* Debug */,
				A10000000000000000000009 /* Release */,
			);
			defaultConfigurationIsVisible = 0;
			defaultConfigurationName = Release;
		};
		A10000000000000000000007 /* Build configuration list for PBXNativeTarget "BalanceBar" */ = {
			isa = XCConfigurationList;
			buildConfigurations = (
				A1000000000000000000000A /* Debug */,
				A1000000000000000000000B /* Release */,
			);
			defaultConfigurationIsVisible = 0;
			defaultConfigurationName = Release;
		};
		A10000000000000000000038 /* Build configuration list for PBXNativeTarget "BalanceBarTests" */ = {
			isa = XCConfigurationList;
			buildConfigurations = (
				A10000000000000000000036 /* Debug */,
				A10000000000000000000037 /* Release */,
			);
			defaultConfigurationIsVisible = 0;
			defaultConfigurationName = Release;
		};
/* End XCConfigurationList section */

/* Begin PBXContainerItemProxy section */
		A1000000000000000000003A /* PBXContainerItemProxy */ = {
			isa = PBXContainerItemProxy;
			containerPortal = A10000000000000000000001 /* Project object */;
			proxyType = 1;
			remoteGlobalIDString = A10000000000000000000002;
			remoteInfo = BalanceBar;
		};
/* End PBXContainerItemProxy section */

/* Begin PBXTargetDependency section */
		A1000000000000000000003B /* PBXTargetDependency */ = {
			isa = PBXTargetDependency;
			target = A10000000000000000000002 /* BalanceBar */;
			targetProxy = A1000000000000000000003A /* PBXContainerItemProxy */;
		};
/* End PBXTargetDependency section */
	};
	rootObject = A10000000000000000000001 /* Project object */;
}
